
Microsoft Visual Studio Solution File, Format Version 12.00
# Visual Studio Version 16
VisualStudioVersion = 16.0.30413.136
MinimumVisualStudioVersion = 10.0.40219.1
Project("{FAE04EC0-301F-11D3-BF4B-00C04F79EFBC}") = "NowCoderSources", "NowCoderSources.csproj", "{C2DF03F3-DAAC-4F51-85F1-FFFE8F77A8BD}"
EndProject
Global
	GlobalSection(SolutionConfigurationPlatforms) = preSolution
		Debug|Any CPU = Debug|Any CPU
		Release|Any CPU = Release|Any CPU
	EndGlobalSection
	GlobalSection(ProjectConfigurationPlatforms) = postSolution
		{C2DF03F3-DAAC-4F51-85F1-FFFE8F77A8BD}.Debug|Any CPU.ActiveCfg = Debug|Any CPU
		{C2DF03F3-DAAC-4F51-85F1-FFFE8F77A8BD}.Debug|Any CPU.Build.0 = Debug|Any CPU
		{C2DF03F3-DAAC-4F51-85F1-FFFE8F77A8BD}.Release|Any CPU.ActiveCfg = Release|Any CPU
		{C2DF03F3-DAAC-4F51-85F1-FFFE8F77A8BD}.Release|Any CPU.Build.0 = Release|Any CPU
	EndGlobalSection
	GlobalSection(SolutionProperties) = preSolution
		HideSolutionNode = FALSE
	EndGlobalSection
	GlobalSection(ExtensibilityGlobals) = postSolution
		SolutionGuid = {920A6927-4CE3-49AC-8D43-D5145654FFBD}
	EndGlobalSection
EndGlobal
